<?xml version="1.0" encoding="utf-8"?>
<Project ToolsVersion="4.0" xmlns="http://schemas.microsoft.com/developer/msbuild/2003">
  <ItemGroup>
    <Filter Include="Source Files">
      <UniqueIdentifier>{4FC737F1-C7A5-4376-A066-2A32D752A2FF}</UniqueIdentifier>
      <Extensions>cpp;c;cc;cxx;def;odl;idl;hpj;bat;asm;asmx</Extensions>
    </Filter>
    <Filter Include="Header Files">
      <UniqueIdentifier>{93995380-89BD-4b04-88EB-625FBE52EBFB}</UniqueIdentifier>
      <Extensions>h;hh;hpp;hxx;hm;inl;inc;xsd</Extensions>
    </Filter>
    <Filter Include="Resource Files">
      <UniqueIdentifier>{67DA6AB6-F800-4c08-8B7A-83BB121AAD01}</UniqueIdentifier>
      <Extensions>rc;ico;cur;bmp;dlg;rc2;rct;bin;rgs;gif;jpg;jpeg;jpe;resx;tiff;tif;png;wav;mfcribbon-ms</Extensions>
    </Filter>
  </ItemGroup>
  <ItemGroup>
    <ClInclude Include="main.h">
      <Filter>Header Files</Filter>
    </ClInclude>
    <ClInclude Include="resource.h">
      <Filter>Header Files</Filter>
    </ClInclude>
    <ClInclude Include="include\corona.h">
      <Filter>Header Files</Filter>
    </ClInclude>
    <ClInclude Include="opdr1.h">
      <Filter>Header Files</Filter>
    </ClInclude>
    <ClInclude Include="opdr2.h">
      <Filter>Header Files</Filter>
    </ClInclude>
    <ClInclude Include="GrayFilter.h">
      <Filter>Header Files</Filter>
    </ClInclude>
    <ClInclude Include="RedFilter.h">
      <Filter>Header Files</Filter>
    </ClInclude>
    <ClInclude Include="GreenFilter.h">
      <Filter>Header Files</Filter>
    </ClInclude>
    <ClInclude Include="BlueFilter.h">
      <Filter>Header Files</Filter>
    </ClInclude>
    <ClInclude Include="EqualizeFilter.h">
      <Filter>Header Files</Filter>
    </ClInclude>
    <ClInclude Include="ImageMatrixWalker.h">
      <Filter>Header Files</Filter>
    </ClInclude>
    <ClInclude Include="MedianFilter.h">
      <Filter>Header Files</Filter>
    </ClInclude>
    <ClInclude Include="MinFilter.h">
      <Filter>Header Files</Filter>
    </ClInclude>
    <ClInclude Include="MaxFilter.h">
      <Filter>Header Files</Filter>
    </ClInclude>
    <ClInclude Include="SaltPepperFilter.h">
      <Filter>Header Files</Filter>
    </ClInclude>
  </ItemGroup>
  <ItemGroup>
    <ClCompile Include="main.cpp">
      <Filter>Source Files</Filter>
    </ClCompile>
    <ClCompile Include="opdr1.cpp">
      <Filter>Source Files</Filter>
    </ClCompile>
    <ClCompile Include="opdr2.cpp">
      <Filter>Source Files</Filter>
    </ClCompile>
    <ClCompile Include="GrayFilter.cpp">
      <Filter>Source Files</Filter>
    </ClCompile>
    <ClCompile Include="RedFilter.cpp">
      <Filter>Source Files</Filter>
    </ClCompile>
    <ClCompile Include="GreenFilter.cpp">
      <Filter>Source Files</Filter>
    </ClCompile>
    <ClCompile Include="BlueFilter.cpp">
      <Filter>Source Files</Filter>
    </ClCompile>
    <ClCompile Include="EqualizeFilter.cpp">
      <Filter>Source Files</Filter>
    </ClCompile>
    <ClCompile Include="ImageMatrixWalker.cpp">
      <Filter>Source Files</Filter>
    </ClCompile>
    <ClCompile Include="MedianFilter.cpp">
      <Filter>Source Files</Filter>
    </ClCompile>
    <ClCompile Include="MinFilter.cpp">
      <Filter>Source Files</Filter>
    </ClCompile>
    <ClCompile Include="MaxFilter.cpp">
      <Filter>Source Files</Filter>
    </ClCompile>
    <ClCompile Include="SaltPepperFilter.cpp">
      <Filter>Source Files</Filter>
    </ClCompile>
  </ItemGroup>
  <ItemGroup>
    <ResourceCompile Include="Project2.rc">
      <Filter>Resource Files</Filter>
    </ResourceCompile>
  </ItemGroup>
  <ItemGroup>
    <None Include="README.md" />
  </ItemGroup>
</Project>